
Microsoft Visual Studio Solution File, Format Version 12.00
# Visual Studio Version 16
VisualStudioVersion = 16.0.31515.178
MinimumVisualStudioVersion = 10.0.40219.1
Project("{F2A71F9B-5D33-465A-A702-920D77279786}") = "SimpleCalculator", "SimpleCalculator\SimpleCalculator.fsproj", "{A9A6184D-31E6-45D3-9EF3-3831960E3842}"
EndProject
Global
	GlobalSection(SolutionConfigurationPlatforms) = preSolution
		Debug|Any CPU = Debug|Any CPU
		Release|Any CPU = Release|Any CPU
	EndGlobalSection
	GlobalSection(ProjectConfigurationPlatforms) = postSolution
		{A9A6184D-31E6-45D3-9EF3-3831960E3842}.Debug|Any CPU.ActiveCfg = Debug|Any CPU
		{A9A6184D-31E6-45D3-9EF3-3831960E3842}.Debug|Any CPU.Build.0 = Debug|Any CPU
		{A9A6184D-31E6-45D3-9EF3-3831960E3842}.Release|Any CPU.ActiveCfg = Release|Any CPU
		{A9A6184D-31E6-45D3-9EF3-3831960E3842}.Release|Any CPU.Build.0 = Release|Any CPU
	EndGlobalSection
	GlobalSection(SolutionProperties) = preSolution
		HideSolutionNode = FALSE
	EndGlobalSection
	GlobalSection(ExtensibilityGlobals) = postSolution
		SolutionGuid = {6A210BD4-27F1-455C-9A6C-CBFF0BD77B36}
	EndGlobalSection
EndGlobal
